
Microsoft Visual Studio Solution File, Format Version 12.00
# Visual Studio 15
VisualStudioVersion = 15.0.26430.14
MinimumVisualStudioVersion = 10.0.40219.1
Project("{FAE04EC0-301F-11D3-BF4B-00C04F79EFBC}") = "FinalSBAProjectManager", "FinalSBAProjectManager\FinalSBAProjectManager.csproj", "{0FD14B0E-FEA7-430F-9BA7-3DC185DED2DA}"
EndProject
Project("{FAE04EC0-301F-11D3-BF4B-00C04F79EFBC}") = "EntityProjectManager", "EntityProjectManager\EntityProjectManager.csproj", "{F5F26F32-2FBB-4F0B-B6A9-8B8D140E8B74}"
EndProject
Project("{FAE04EC0-301F-11D3-BF4B-00C04F79EFBC}") = "DataLayerProjectManager", "DataLayerProjectManager\DataLayerProjectManager.csproj", "{18E8AD03-08C8-49D1-BAAA-65A3D9690C7C}"
EndProject
Project("{FAE04EC0-301F-11D3-BF4B-00C04F79EFBC}") = "BusinessLayerProjectManager", "BusinessLayerProjectManager\BusinessLayerProjectManager.csproj", "{22A92A13-B165-4271-986B-AFBF9DDB93ED}"
EndProject
Project("{FAE04EC0-301F-11D3-BF4B-00C04F79EFBC}") = "UnitTestProjectManager", "UnitTestProjectManager\UnitTestProjectManager.csproj", "{B19F64BE-30CB-4990-B511-2F324ECE82C1}"
EndProject
Global
	GlobalSection(SolutionConfigurationPlatforms) = preSolution
		Debug|Any CPU = Debug|Any CPU
		Release|Any CPU = Release|Any CPU
	EndGlobalSection
	GlobalSection(ProjectConfigurationPlatforms) = postSolution
		{0FD14B0E-FEA7-430F-9BA7-3DC185DED2DA}.Debug|Any CPU.ActiveCfg = Debug|Any CPU
		{0FD14B0E-FEA7-430F-9BA7-3DC185DED2DA}.Debug|Any CPU.Build.0 = Debug|Any CPU
		{0FD14B0E-FEA7-430F-9BA7-3DC185DED2DA}.Release|Any CPU.ActiveCfg = Release|Any CPU
		{0FD14B0E-FEA7-430F-9BA7-3DC185DED2DA}.Release|Any CPU.Build.0 = Release|Any CPU
		{F5F26F32-2FBB-4F0B-B6A9-8B8D140E8B74}.Debug|Any CPU.ActiveCfg = Debug|Any CPU
		{F5F26F32-2FBB-4F0B-B6A9-8B8D140E8B74}.Debug|Any CPU.Build.0 = Debug|Any CPU
		{F5F26F32-2FBB-4F0B-B6A9-8B8D140E8B74}.Release|Any CPU.ActiveCfg = Release|Any CPU
		{F5F26F32-2FBB-4F0B-B6A9-8B8D140E8B74}.Release|Any CPU.Build.0 = Release|Any CPU
		{18E8AD03-08C8-49D1-BAAA-65A3D9690C7C}.Debug|Any CPU.ActiveCfg = Debug|Any CPU
		{18E8AD03-08C8-49D1-BAAA-65A3D9690C7C}.Debug|Any CPU.Build.0 = Debug|Any CPU
		{18E8AD03-08C8-49D1-BAAA-65A3D9690C7C}.Release|Any CPU.ActiveCfg = Release|Any CPU
		{18E8AD03-08C8-49D1-BAAA-65A3D9690C7C}.Release|Any CPU.Build.0 = Release|Any CPU
		{22A92A13-B165-4271-986B-AFBF9DDB93ED}.Debug|Any CPU.ActiveCfg = Debug|Any CPU
		{22A92A13-B165-4271-986B-AFBF9DDB93ED}.Debug|Any CPU.Build.0 = Debug|Any CPU
		{22A92A13-B165-4271-986B-AFBF9DDB93ED}.Release|Any CPU.ActiveCfg = Release|Any CPU
		{22A92A13-B165-4271-986B-AFBF9DDB93ED}.Release|Any CPU.Build.0 = Release|Any CPU
		{B19F64BE-30CB-4990-B511-2F324ECE82C1}.Debug|Any CPU.ActiveCfg = Debug|Any CPU
		{B19F64BE-30CB-4990-B511-2F324ECE82C1}.Debug|Any CPU.Build.0 = Debug|Any CPU
		{B19F64BE-30CB-4990-B511-2F324ECE82C1}.Release|Any CPU.ActiveCfg = Release|Any CPU
		{B19F64BE-30CB-4990-B511-2F324ECE82C1}.Release|Any CPU.Build.0 = Release|Any CPU
	EndGlobalSection
	GlobalSection(SolutionProperties) = preSolution
		HideSolutionNode = FALSE
	EndGlobalSection
EndGlobal
